{
  "name": "uma-live-tools",
  "version": "1.0.0",
  "lockfileVersion": 3,
  "requires": true,
  "packages": {
    "": {
      "name": "uma-live-tools",
      "version": "1.0.0",
      "dependencies": {
        "devalue": "^4.3.3"
      }
    },
    "node_modules/devalue": {
      "version": "4.3.3",
      "resolved": "https://registry.npmmirror.com/devalue/-/devalue-4.3.3.tgz",
      "integrity": "sha512-UH8EL6H2ifcY8TbD2QsxwCC/pr5xSwPvv85LrLXVihmHVC3T3YqTCIwnR5ak0yO1KYqlxrPVOA/JVZJYPy2ATg==",
      "license": "MIT"
    }
  }
}
